// !$*UTF8*$!
{
	archiveVersion = 1;
	classes = {
	};
	objectVersion = 56;
	objects = {

/* Begin PBXBuildFile section */
		1634CDD12B35F7980019FD1E /* Storyboarded.swift in Sources */ = {isa = PBXBuildFile; fileRef = 1634CDD02B35F7980019FD1E /* Storyboarded.swift */; };
		1634CDD52B35F7E00019FD1E /* UIViewController+Extensions.swift in Sources */ = {isa = PBXBuildFile; fileRef = 1634CDD42B35F7E00019FD1E /* UIViewController+Extensions.swift */; };
		1634CDD72B35F8070019FD1E /* CoordinatorProtocol.swift in Sources */ = {isa = PBXBuildFile; fileRef = 1634CDD62B35F8070019FD1E /* CoordinatorProtocol.swift */; };
		1634CDD92B35F81B0019FD1E /* MainCoordinator.swift in Sources */ = {isa = PBXBuildFile; fileRef = 1634CDD82B35F81B0019FD1E /* MainCoordinator.swift */; };
		1634CDDB2B35F8A10019FD1E /* GamesViewController.swift in Sources */ = {isa = PBXBuildFile; fileRef = 1634CDDA2B35F8A10019FD1E /* GamesViewController.swift */; };
		1634CDDD2B3609B00019FD1E /* MainViewModel.swift in Sources */ = {isa = PBXBuildFile; fileRef = 1634CDDC2B3609B00019FD1E /* MainViewModel.swift */; };
		1634CDE22B360B1E0019FD1E /* TeamViewModel.swift in Sources */ = {isa = PBXBuildFile; fileRef = 1634CDE12B360B1E0019FD1E /* TeamViewModel.swift */; };
		16BE9DC22B360F4100A780B9 /* MainViewController.swift in Sources */ = {isa = PBXBuildFile; fileRef = 16BE9DC12B360F4100A780B9 /* MainViewController.swift */; };
		16E8817F2B35BBE80042FCE5 /* AppDelegate.swift in Sources */ = {isa = PBXBuildFile; fileRef = 16E8817E2B35BBE80042FCE5 /* AppDelegate.swift */; };
		16E881812B35BBE80042FCE5 /* SceneDelegate.swift in Sources */ = {isa = PBXBuildFile; fileRef = 16E881802B35BBE80042FCE5 /* SceneDelegate.swift */; };
		16E881832B35BBE80042FCE5 /* StandingsViewController.swift in Sources */ = {isa = PBXBuildFile; fileRef = 16E881822B35BBE80042FCE5 /* StandingsViewController.swift */; };
		16E881862B35BBE80042FCE5 /* Main.storyboard in Resources */ = {isa = PBXBuildFile; fileRef = 16E881842B35BBE80042FCE5 /* Main.storyboard */; };
		16E881882B35BBE90042FCE5 /* Assets.xcassets in Resources */ = {isa = PBXBuildFile; fileRef = 16E881872B35BBE90042FCE5 /* Assets.xcassets */; };
		16E8818B2B35BBE90042FCE5 /* LaunchScreen.storyboard in Resources */ = {isa = PBXBuildFile; fileRef = 16E881892B35BBE90042FCE5 /* LaunchScreen.storyboard */; };
		16E881962B35BBE90042FCE5 /* SportsTests.swift in Sources */ = {isa = PBXBuildFile; fileRef = 16E881952B35BBE90042FCE5 /* SportsTests.swift */; };
		16E881A02B35BBE90042FCE5 /* SportsUITests.swift in Sources */ = {isa = PBXBuildFile; fileRef = 16E8819F2B35BBE90042FCE5 /* SportsUITests.swift */; };
		16E881A22B35BBE90042FCE5 /* SportsUITestsLaunchTests.swift in Sources */ = {isa = PBXBuildFile; fileRef = 16E881A12B35BBE90042FCE5 /* SportsUITestsLaunchTests.swift */; };
		16E881B02B35BDE10042FCE5 /* Team.swift in Sources */ = {isa = PBXBuildFile; fileRef = 16E881AF2B35BDE10042FCE5 /* Team.swift */; };
		16E881B52B35C54C0042FCE5 /* Player.swift in Sources */ = {isa = PBXBuildFile; fileRef = 16E881B42B35C54C0042FCE5 /* Player.swift */; };
		16E881B72B35C60C0042FCE5 /* Coach.swift in Sources */ = {isa = PBXBuildFile; fileRef = 16E881B62B35C60C0042FCE5 /* Coach.swift */; };
		16E881BA2B35C86D0042FCE5 /* TeamProtocol.swift in Sources */ = {isa = PBXBuildFile; fileRef = 16E881B92B35C86D0042FCE5 /* TeamProtocol.swift */; };
		16E881BD2B35CCEA0042FCE5 /* TeamGenerator.swift in Sources */ = {isa = PBXBuildFile; fileRef = 16E881BC2B35CCEA0042FCE5 /* TeamGenerator.swift */; };
		16E881BF2B35CCF10042FCE5 /* FixtureGenerator.swift in Sources */ = {isa = PBXBuildFile; fileRef = 16E881BE2B35CCF10042FCE5 /* FixtureGenerator.swift */; };
		16E881C12B35CF090042FCE5 /* FixtureResult.swift in Sources */ = {isa = PBXBuildFile; fileRef = 16E881C02B35CF090042FCE5 /* FixtureResult.swift */; };
		16E881C32B35D0550042FCE5 /* TeamCell.swift in Sources */ = {isa = PBXBuildFile; fileRef = 16E881C22B35D0550042FCE5 /* TeamCell.swift */; };
		16E881C62B35D73A0042FCE5 /* FixtureCell.swift in Sources */ = {isa = PBXBuildFile; fileRef = 16E881C52B35D73A0042FCE5 /* FixtureCell.swift */; };
		16E881C82B35D76D0042FCE5 /* Fixture.swift in Sources */ = {isa = PBXBuildFile; fileRef = 16E881C72B35D76D0042FCE5 /* Fixture.swift */; };
/* End PBXBuildFile section */

/* Begin PBXContainerItemProxy section */
		16E881922B35BBE90042FCE5 /* PBXContainerItemProxy */ = {
			isa = PBXContainerItemProxy;
			containerPortal = 16E881732B35BBE80042FCE5 /* Project object */;
			proxyType = 1;
			remoteGlobalIDString = 16E8817A2B35BBE80042FCE5;
			remoteInfo = Sports;
		};
		16E8819C2B35BBE90042FCE5 /* PBXContainerItemProxy */ = {
			isa = PBXContainerItemProxy;
			containerPortal = 16E881732B35BBE80042FCE5 /* Project object */;
			proxyType = 1;
			remoteGlobalIDString = 16E8817A2B35BBE80042FCE5;
			remoteInfo = Sports;
		};
/* End PBXContainerItemProxy section */

/* Begin PBXFileReference section */
		1634CDD02B35F7980019FD1E /* Storyboarded.swift */ = {isa = PBXFileReference; lastKnownFileType = sourcecode.swift; path = Storyboarded.swift; sourceTree = "<group>"; };
		1634CDD42B35F7E00019FD1E /* UIViewController+Extensions.swift */ = {isa = PBXFileReference; lastKnownFileType = sourcecode.swift; path = "UIViewController+Extensions.swift"; sourceTree = "<group>"; };
		1634CDD62B35F8070019FD1E /* CoordinatorProtocol.swift */ = {isa = PBXFileReference; lastKnownFileType = sourcecode.swift; path = CoordinatorProtocol.swift; sourceTree = "<group>"; };
		1634CDD82B35F81B0019FD1E /* MainCoordinator.swift */ = {isa = PBXFileReference; lastKnownFileType = sourcecode.swift; path = MainCoordinator.swift; sourceTree = "<group>"; };
		1634CDDA2B35F8A10019FD1E /* GamesViewController.swift */ = {isa = PBXFileReference; lastKnownFileType = sourcecode.swift; path = GamesViewController.swift; sourceTree = "<group>"; };
		1634CDDC2B3609B00019FD1E /* MainViewModel.swift */ = {isa = PBXFileReference; lastKnownFileType = sourcecode.swift; path = MainViewModel.swift; sourceTree = "<group>"; };
		1634CDE12B360B1E0019FD1E /* TeamViewModel.swift */ = {isa = PBXFileReference; lastKnownFileType = sourcecode.swift; path = TeamViewModel.swift; sourceTree = "<group>"; };
		16BE9DC12B360F4100A780B9 /* MainViewController.swift */ = {isa = PBXFileReference; lastKnownFileType = sourcecode.swift; path = MainViewController.swift; sourceTree = "<group>"; };
		16E8817B2B35BBE80042FCE5 /* Sports.app */ = {isa = PBXFileReference; explicitFileType = wrapper.application; includeInIndex = 0; path = Sports.app; sourceTree = BUILT_PRODUCTS_DIR; };
		16E8817E2B35BBE80042FCE5 /* AppDelegate.swift */ = {isa = PBXFileReference; lastKnownFileType = sourcecode.swift; path = AppDelegate.swift; sourceTree = "<group>"; };
		16E881802B35BBE80042FCE5 /* SceneDelegate.swift */ = {isa = PBXFileReference; lastKnownFileType = sourcecode.swift; path = SceneDelegate.swift; sourceTree = "<group>"; };
		16E881822B35BBE80042FCE5 /* StandingsViewController.swift */ = {isa = PBXFileReference; lastKnownFileType = sourcecode.swift; path = StandingsViewController.swift; sourceTree = "<group>"; };
		16E881852B35BBE80042FCE5 /* Base */ = {isa = PBXFileReference; lastKnownFileType = file.storyboard; name = Base; path = Base.lproj/Main.storyboard; sourceTree = "<group>"; };
		16E881872B35BBE90042FCE5 /* Assets.xcassets */ = {isa = PBXFileReference; lastKnownFileType = folder.assetcatalog; path = Assets.xcassets; sourceTree = "<group>"; };
		16E8818A2B35BBE90042FCE5 /* Base */ = {isa = PBXFileReference; lastKnownFileType = file.storyboard; name = Base; path = Base.lproj/LaunchScreen.storyboard; sourceTree = "<group>"; };
		16E8818C2B35BBE90042FCE5 /* Info.plist */ = {isa = PBXFileReference; lastKnownFileType = text.plist.xml; path = Info.plist; sourceTree = "<group>"; };
		16E881912B35BBE90042FCE5 /* SportsTests.xctest */ = {isa = PBXFileReference; explicitFileType = wrapper.cfbundle; includeInIndex = 0; path = SportsTests.xctest; sourceTree = BUILT_PRODUCTS_DIR; };
		16E881952B35BBE90042FCE5 /* SportsTests.swift */ = {isa = PBXFileReference; lastKnownFileType = sourcecode.swift; path = SportsTests.swift; sourceTree = "<group>"; };
		16E8819B2B35BBE90042FCE5 /* SportsUITests.xctest */ = {isa = PBXFileReference; explicitFileType = wrapper.cfbundle; includeInIndex = 0; path = SportsUITests.xctest; sourceTree = BUILT_PRODUCTS_DIR; };
		16E8819F2B35BBE90042FCE5 /* SportsUITests.swift */ = {isa = PBXFileReference; lastKnownFileType = sourcecode.swift; path = SportsUITests.swift; sourceTree = "<group>"; };
		16E881A12B35BBE90042FCE5 /* SportsUITestsLaunchTests.swift */ = {isa = PBXFileReference; lastKnownFileType = sourcecode.swift; path = SportsUITestsLaunchTests.swift; sourceTree = "<group>"; };
		16E881AF2B35BDE10042FCE5 /* Team.swift */ = {isa = PBXFileReference; lastKnownFileType = sourcecode.swift; path = Team.swift; sourceTree = "<group>"; };
		16E881B42B35C54C0042FCE5 /* Player.swift */ = {isa = PBXFileReference; lastKnownFileType = sourcecode.swift; path = Player.swift; sourceTree = "<group>"; };
		16E881B62B35C60C0042FCE5 /* Coach.swift */ = {isa = PBXFileReference; lastKnownFileType = sourcecode.swift; path = Coach.swift; sourceTree = "<group>"; };
		16E881B92B35C86D0042FCE5 /* TeamProtocol.swift */ = {isa = PBXFileReference; lastKnownFileType = sourcecode.swift; path = TeamProtocol.swift; sourceTree = "<group>"; };
		16E881BC2B35CCEA0042FCE5 /* TeamGenerator.swift */ = {isa = PBXFileReference; lastKnownFileType = sourcecode.swift; path = TeamGenerator.swift; sourceTree = "<group>"; };
		16E881BE2B35CCF10042FCE5 /* FixtureGenerator.swift */ = {isa = PBXFileReference; lastKnownFileType = sourcecode.swift; path = FixtureGenerator.swift; sourceTree = "<group>"; };
		16E881C02B35CF090042FCE5 /* FixtureResult.swift */ = {isa = PBXFileReference; lastKnownFileType = sourcecode.swift; path = FixtureResult.swift; sourceTree = "<group>"; };
		16E881C22B35D0550042FCE5 /* TeamCell.swift */ = {isa = PBXFileReference; lastKnownFileType = sourcecode.swift; path = TeamCell.swift; sourceTree = "<group>"; };
		16E881C52B35D73A0042FCE5 /* FixtureCell.swift */ = {isa = PBXFileReference; lastKnownFileType = sourcecode.swift; path = FixtureCell.swift; sourceTree = "<group>"; };
		16E881C72B35D76D0042FCE5 /* Fixture.swift */ = {isa = PBXFileReference; lastKnownFileType = sourcecode.swift; path = Fixture.swift; sourceTree = "<group>"; };
/* End PBXFileReference section */

/* Begin PBXFrameworksBuildPhase section */
		16E881782B35BBE80042FCE5 /* Frameworks */ = {
			isa = PBXFrameworksBuildPhase;
			buildActionMask = 2147483647;
			files = (
			);
			runOnlyForDeploymentPostprocessing = 0;
		};
		16E8818E2B35BBE90042FCE5 /* Frameworks */ = {
			isa = PBXFrameworksBuildPhase;
			buildActionMask = 2147483647;
			files = (
			);
			runOnlyForDeploymentPostprocessing = 0;
		};
		16E881982B35BBE90042FCE5 /* Frameworks */ = {
			isa = PBXFrameworksBuildPhase;
			buildActionMask = 2147483647;
			files = (
			);
			runOnlyForDeploymentPostprocessing = 0;
		};
/* End PBXFrameworksBuildPhase section */

/* Begin PBXGroup section */
		1634CDCF2B35F7870019FD1E /* Coordinator */ = {
			isa = PBXGroup;
			children = (
				1634CDD02B35F7980019FD1E /* Storyboarded.swift */,
				1634CDD62B35F8070019FD1E /* CoordinatorProtocol.swift */,
				1634CDD82B35F81B0019FD1E /* MainCoordinator.swift */,
			);
			path = Coordinator;
			sourceTree = "<group>";
		};
		1634CDD32B35F7D10019FD1E /* Extensions */ = {
			isa = PBXGroup;
			children = (
				1634CDD42B35F7E00019FD1E /* UIViewController+Extensions.swift */,
			);
			path = Extensions;
			sourceTree = "<group>";
		};
		1634CDDE2B3609B70019FD1E /* ViewModels */ = {
			isa = PBXGroup;
			children = (
				1634CDDC2B3609B00019FD1E /* MainViewModel.swift */,
				1634CDE12B360B1E0019FD1E /* TeamViewModel.swift */,
			);
			path = ViewModels;
			sourceTree = "<group>";
		};
		1634CDE02B360AFB0019FD1E /* Supporting Files */ = {
			isa = PBXGroup;
			children = (
				16E881842B35BBE80042FCE5 /* Main.storyboard */,
				16E881872B35BBE90042FCE5 /* Assets.xcassets */,
				16E881892B35BBE90042FCE5 /* LaunchScreen.storyboard */,
				16E8818C2B35BBE90042FCE5 /* Info.plist */,
			);
			path = "Supporting Files";
			sourceTree = "<group>";
		};
		16BE9DC32B360F4F00A780B9 /* Controllers */ = {
			isa = PBXGroup;
			children = (
				16BE9DC12B360F4100A780B9 /* MainViewController.swift */,
				16E881822B35BBE80042FCE5 /* StandingsViewController.swift */,
				1634CDDA2B35F8A10019FD1E /* GamesViewController.swift */,
			);
			path = Controllers;
			sourceTree = "<group>";
		};
		16E881722B35BBE80042FCE5 = {
			isa = PBXGroup;
			children = (
				16E8817D2B35BBE80042FCE5 /* Sports */,
				16E881942B35BBE90042FCE5 /* SportsTests */,
				16E8819E2B35BBE90042FCE5 /* SportsUITests */,
				16E8817C2B35BBE80042FCE5 /* Products */,
			);
			sourceTree = "<group>";
		};
		16E8817C2B35BBE80042FCE5 /* Products */ = {
			isa = PBXGroup;
			children = (
				16E8817B2B35BBE80042FCE5 /* Sports.app */,
				16E881912B35BBE90042FCE5 /* SportsTests.xctest */,
				16E8819B2B35BBE90042FCE5 /* SportsUITests.xctest */,
			);
			name = Products;
			sourceTree = "<group>";
		};
		16E8817D2B35BBE80042FCE5 /* Sports */ = {
			isa = PBXGroup;
			children = (
				16E8817E2B35BBE80042FCE5 /* AppDelegate.swift */,
				16E881802B35BBE80042FCE5 /* SceneDelegate.swift */,
				1634CDCF2B35F7870019FD1E /* Coordinator */,
				1634CDD32B35F7D10019FD1E /* Extensions */,
				16E881BB2B35CCA50042FCE5 /* Helpers */,
				16E881AE2B35BD870042FCE5 /* Models */,
				16BE9DC32B360F4F00A780B9 /* Controllers */,
				16E881C42B35D0590042FCE5 /* Views */,
				1634CDDE2B3609B70019FD1E /* ViewModels */,
				1634CDE02B360AFB0019FD1E /* Supporting Files */,
			);
			path = Sports;
			sourceTree = "<group>";
		};
		16E881942B35BBE90042FCE5 /* SportsTests */ = {
			isa = PBXGroup;
			children = (
				16E881952B35BBE90042FCE5 /* SportsTests.swift */,
			);
			path = SportsTests;
			sourceTree = "<group>";
		};
		16E8819E2B35BBE90042FCE5 /* SportsUITests */ = {
			isa = PBXGroup;
			children = (
				16E8819F2B35BBE90042FCE5 /* SportsUITests.swift */,
				16E881A12B35BBE90042FCE5 /* SportsUITestsLaunchTests.swift */,
			);
			path = SportsUITests;
			sourceTree = "<group>";
		};
		16E881AE2B35BD870042FCE5 /* Models */ = {
			isa = PBXGroup;
			children = (
				16E881B82B35C8610042FCE5 /* Protocols */,
				16E881AF2B35BDE10042FCE5 /* Team.swift */,
				16E881B42B35C54C0042FCE5 /* Player.swift */,
				16E881B62B35C60C0042FCE5 /* Coach.swift */,
				16E881C72B35D76D0042FCE5 /* Fixture.swift */,
			);
			path = Models;
			sourceTree = "<group>";
		};
		16E881B82B35C8610042FCE5 /* Protocols */ = {
			isa = PBXGroup;
			children = (
				16E881B92B35C86D0042FCE5 /* TeamProtocol.swift */,
			);
			path = Protocols;
			sourceTree = "<group>";
		};
		16E881BB2B35CCA50042FCE5 /* Helpers */ = {
			isa = PBXGroup;
			children = (
				16E881BC2B35CCEA0042FCE5 /* TeamGenerator.swift */,
				16E881BE2B35CCF10042FCE5 /* FixtureGenerator.swift */,
				16E881C02B35CF090042FCE5 /* FixtureResult.swift */,
			);
			path = Helpers;
			sourceTree = "<group>";
		};
		16E881C42B35D0590042FCE5 /* Views */ = {
			isa = PBXGroup;
			children = (
				16E881C22B35D0550042FCE5 /* TeamCell.swift */,
				16E881C52B35D73A0042FCE5 /* FixtureCell.swift */,
			);
			path = Views;
			sourceTree = "<group>";
		};
/* End PBXGroup section */

/* Begin PBXNativeTarget section */
		16E8817A2B35BBE80042FCE5 /* Sports */ = {
			isa = PBXNativeTarget;
			buildConfigurationList = 16E881A52B35BBE90042FCE5 /* Build configuration list for PBXNativeTarget "Sports" */;
			buildPhases = (
				16E881772B35BBE80042FCE5 /* Sources */,
				16E881782B35BBE80042FCE5 /* Frameworks */,
				16E881792B35BBE80042FCE5 /* Resources */,
			);
			buildRules = (
			);
			dependencies = (
			);
			name = Sports;
			productName = Sports;
			productReference = 16E8817B2B35BBE80042FCE5 /* Sports.app */;
			productType = "com.apple.product-type.application";
		};
		16E881902B35BBE90042FCE5 /* SportsTests */ = {
			isa = PBXNativeTarget;
			buildConfigurationList = 16E881A82B35BBE90042FCE5 /* Build configuration list for PBXNativeTarget "SportsTests" */;
			buildPhases = (
				16E8818D2B35BBE90042FCE5 /* Sources */,
				16E8818E2B35BBE90042FCE5 /* Frameworks */,
				16E8818F2B35BBE90042FCE5 /* Resources */,
			);
			buildRules = (
			);
			dependencies = (
				16E881932B35BBE90042FCE5 /* PBXTargetDependency */,
			);
			name = SportsTests;
			productName = SportsTests;
			productReference = 16E881912B35BBE90042FCE5 /* SportsTests.xctest */;
			productType = "com.apple.product-type.bundle.unit-test";
		};
		16E8819A2B35BBE90042FCE5 /* SportsUITests */ = {
			isa = PBXNativeTarget;
			buildConfigurationList = 16E881AB2B35BBE90042FCE5 /* Build configuration list for PBXNativeTarget "SportsUITests" */;
			buildPhases = (
				16E881972B35BBE90042FCE5 /* Sources */,
				16E881982B35BBE90042FCE5 /* Frameworks */,
				16E881992B35BBE90042FCE5 /* Resources */,
			);
			buildRules = (
			);
			dependencies = (
				16E8819D2B35BBE90042FCE5 /* PBXTargetDependency */,
			);
			name = SportsUITests;
			productName = SportsUITests;
			productReference = 16E8819B2B35BBE90042FCE5 /* SportsUITests.xctest */;
			productType = "com.apple.product-type.bundle.ui-testing";
		};
/* End PBXNativeTarget section */

/* Begin PBXProject section */
		16E881732B35BBE80042FCE5 /* Project object */ = {
			isa = PBXProject;
			attributes = {
				BuildIndependentTargetsInParallel = 1;
				LastSwiftUpdateCheck = 1510;
				LastUpgradeCheck = 1510;
				TargetAttributes = {
					16E8817A2B35BBE80042FCE5 = {
						CreatedOnToolsVersion = 15.1;
					};
					16E881902B35BBE90042FCE5 = {
						CreatedOnToolsVersion = 15.1;
						TestTargetID = 16E8817A2B35BBE80042FCE5;
					};
					16E8819A2B35BBE90042FCE5 = {
						CreatedOnToolsVersion = 15.1;
						TestTargetID = 16E8817A2B35BBE80042FCE5;
					};
				};
			};
			buildConfigurationList = 16E881762B35BBE80042FCE5 /* Build configuration list for PBXProject "Sports" */;
			compatibilityVersion = "Xcode 14.0";
			developmentRegion = en;
			hasScannedForEncodings = 0;
			knownRegions = (
				en,
				Base,
			);
			mainGroup = 16E881722B35BBE80042FCE5;
			productRefGroup = 16E8817C2B35BBE80042FCE5 /* Products */;
			projectDirPath = "";
			projectRoot = "";
			targets = (
				16E8817A2B35BBE80042FCE5 /* Sports */,
				16E881902B35BBE90042FCE5 /* SportsTests */,
				16E8819A2B35BBE90042FCE5 /* SportsUITests */,
			);
		};
/* End PBXProject section */

/* Begin PBXResourcesBuildPhase section */
		16E881792B35BBE80042FCE5 /* Resources */ = {
			isa = PBXResourcesBuildPhase;
			buildActionMask = 2147483647;
			files = (
				16E8818B2B35BBE90042FCE5 /* LaunchScreen.storyboard in Resources */,
				16E881882B35BBE90042FCE5 /* Assets.xcassets in Resources */,
				16E881862B35BBE80042FCE5 /* Main.storyboard in Resources */,
			);
			runOnlyForDeploymentPostprocessing = 0;
		};
		16E8818F2B35BBE90042FCE5 /* Resources */ = {
			isa = PBXResourcesBuildPhase;
			buildActionMask = 2147483647;
			files = (
			);
			runOnlyForDeploymentPostprocessing = 0;
		};
		16E881992B35BBE90042FCE5 /* Resources */ = {
			isa = PBXResourcesBuildPhase;
			buildActionMask = 2147483647;
			files = (
			);
			runOnlyForDeploymentPostprocessing = 0;
		};
/* End PBXResourcesBuildPhase section */

/* Begin PBXSourcesBuildPhase section */
		16E881772B35BBE80042FCE5 /* Sources */ = {
			isa = PBXSourcesBuildPhase;
			buildActionMask = 2147483647;
			files = (
				16BE9DC22B360F4100A780B9 /* MainViewController.swift in Sources */,
				1634CDD92B35F81B0019FD1E /* MainCoordinator.swift in Sources */,
				16E881C82B35D76D0042FCE5 /* Fixture.swift in Sources */,
				16E881B02B35BDE10042FCE5 /* Team.swift in Sources */,
				16E881BA2B35C86D0042FCE5 /* TeamProtocol.swift in Sources */,
				16E881832B35BBE80042FCE5 /* StandingsViewController.swift in Sources */,
				1634CDE22B360B1E0019FD1E /* TeamViewModel.swift in Sources */,
				16E8817F2B35BBE80042FCE5 /* AppDelegate.swift in Sources */,
				16E881C32B35D0550042FCE5 /* TeamCell.swift in Sources */,
				1634CDDB2B35F8A10019FD1E /* GamesViewController.swift in Sources */,
				16E881C12B35CF090042FCE5 /* FixtureResult.swift in Sources */,
				1634CDD52B35F7E00019FD1E /* UIViewController+Extensions.swift in Sources */,
				16E881BD2B35CCEA0042FCE5 /* TeamGenerator.swift in Sources */,
				16E881C62B35D73A0042FCE5 /* FixtureCell.swift in Sources */,
				1634CDD72B35F8070019FD1E /* CoordinatorProtocol.swift in Sources */,
				1634CDDD2B3609B00019FD1E /* MainViewModel.swift in Sources */,
				16E881B52B35C54C0042FCE5 /* Player.swift in Sources */,
				16E881B72B35C60C0042FCE5 /* Coach.swift in Sources */,
				16E881812B35BBE80042FCE5 /* SceneDelegate.swift in Sources */,
				16E881BF2B35CCF10042FCE5 /* FixtureGenerator.swift in Sources */,
				1634CDD12B35F7980019FD1E /* Storyboarded.swift in Sources */,
			);
			runOnlyForDeploymentPostprocessing = 0;
		};
		16E8818D2B35BBE90042FCE5 /* Sources */ = {
			isa = PBXSourcesBuildPhase;
			buildActionMask = 2147483647;
			files = (
				16E881962B35BBE90042FCE5 /* SportsTests.swift in Sources */,
			);
			runOnlyForDeploymentPostprocessing = 0;
		};
		16E881972B35BBE90042FCE5 /* Sources */ = {
			isa = PBXSourcesBuildPhase;
			buildActionMask = 2147483647;
			files = (
				16E881A02B35BBE90042FCE5 /* SportsUITests.swift in Sources */,
				16E881A22B35BBE90042FCE5 /* SportsUITestsLaunchTests.swift in Sources */,
			);
			runOnlyForDeploymentPostprocessing = 0;
		};
/* End PBXSourcesBuildPhase section */

/* Begin PBXTargetDependency section */
		16E881932B35BBE90042FCE5 /* PBXTargetDependency */ = {
			isa = PBXTargetDependency;
			target = 16E8817A2B35BBE80042FCE5 /* Sports */;
			targetProxy = 16E881922B35BBE90042FCE5 /* PBXContainerItemProxy */;
		};
		16E8819D2B35BBE90042FCE5 /* PBXTargetDependency */ = {
			isa = PBXTargetDependency;
			target = 16E8817A2B35BBE80042FCE5 /* Sports */;
			targetProxy = 16E8819C2B35BBE90042FCE5 /* PBXContainerItemProxy */;
		};
/* End PBXTargetDependency section */

/* Begin PBXVariantGroup section */
		16E881842B35BBE80042FCE5 /* Main.storyboard */ = {
			isa = PBXVariantGroup;
			children = (
				16E881852B35BBE80042FCE5 /* Base */,
			);
			name = Main.storyboard;
			sourceTree = "<group>";
		};
		16E881892B35BBE90042FCE5 /* LaunchScreen.storyboard */ = {
			isa = PBXVariantGroup;
			children = (
				16E8818A2B35BBE90042FCE5 /* Base */,
			);
			name = LaunchScreen.storyboard;
			sourceTree = "<group>";
		};
/* End PBXVariantGroup section */

/* Begin XCBuildConfiguration section */
		16E881A32B35BBE90042FCE5 /* Debug */ = {
			isa = XCBuildConfiguration;
			buildSettings = {
				ALWAYS_SEARCH_USER_PATHS = NO;
				ASSETCATALOG_COMPILER_GENERATE_SWIFT_ASSET_SYMBOL_EXTENSIONS = YES;
				CLANG_ANALYZER_NONNULL = YES;
				CLANG_ANALYZER_NUMBER_OBJECT_CONVERSION = YES_AGGRESSIVE;
				CLANG_CXX_LANGUAGE_STANDARD = "gnu++20";
				CLANG_ENABLE_MODULES = YES;
				CLANG_ENABLE_OBJC_ARC = YES;
				CLANG_ENABLE_OBJC_WEAK = YES;
				CLANG_WARN_BLOCK_CAPTURE_AUTORELEASING = YES;
				CLANG_WARN_BOOL_CONVERSION = YES;
				CLANG_WARN_COMMA = YES;
				CLANG_WARN_CONSTANT_CONVERSION = YES;
				CLANG_WARN_DEPRECATED_OBJC_IMPLEMENTATIONS = YES;
				CLANG_WARN_DIRECT_OBJC_ISA_USAGE = YES_ERROR;
				CLANG_WARN_DOCUMENTATION_COMMENTS = YES;
				CLANG_WARN_EMPTY_BODY = YES;
				CLANG_WARN_ENUM_CONVERSION = YES;
				CLANG_WARN_INFINITE_RECURSION = YES;
				CLANG_WARN_INT_CONVERSION = YES;
				CLANG_WARN_NON_LITERAL_NULL_CONVERSION = YES;
				CLANG_WARN_OBJC_IMPLICIT_RETAIN_SELF = YES;
				CLANG_WARN_OBJC_LITERAL_CONVERSION = YES;
				CLANG_WARN_OBJC_ROOT_CLASS = YES_ERROR;
				CLANG_WARN_QUOTED_INCLUDE_IN_FRAMEWORK_HEADER = YES;
				CLANG_WARN_RANGE_LOOP_ANALYSIS = YES;
				CLANG_WARN_STRICT_PROTOTYPES = YES;
				CLANG_WARN_SUSPICIOUS_MOVE = YES;
				CLANG_WARN_UNGUARDED_AVAILABILITY = YES_AGGRESSIVE;
				CLANG_WARN_UNREACHABLE_CODE = YES;
				CLANG_WARN__DUPLICATE_METHOD_MATCH = YES;
				COPY_PHASE_STRIP = NO;
				DEBUG_INFORMATION_FORMAT = dwarf;
				ENABLE_STRICT_OBJC_MSGSEND = YES;
				ENABLE_TESTABILITY = YES;
				ENABLE_USER_SCRIPT_SANDBOXING = YES;
				GCC_C_LANGUAGE_STANDARD = gnu17;
				GCC_DYNAMIC_NO_PIC = NO;
				GCC_NO_COMMON_BLOCKS = YES;
				GCC_OPTIMIZATION_LEVEL = 0;
				GCC_PREPROCESSOR_DEFINITIONS = (
					"DEBUG=1",
					"$(inherited)",
				);
				GCC_WARN_64_TO_32_BIT_CONVERSION = YES;
				GCC_WARN_ABOUT_RETURN_TYPE = YES_ERROR;
				GCC_WARN_UNDECLARED_SELECTOR = YES;
				GCC_WARN_UNINITIALIZED_AUTOS = YES_AGGRESSIVE;
				GCC_WARN_UNUSED_FUNCTION = YES;
				GCC_WARN_UNUSED_VARIABLE = YES;
				IPHONEOS_DEPLOYMENT_TARGET = 17.2;
				LOCALIZATION_PREFERS_STRING_CATALOGS = YES;
				MTL_ENABLE_DEBUG_INFO = INCLUDE_SOURCE;
				MTL_FAST_MATH = YES;
				ONLY_ACTIVE_ARCH = YES;
				SDKROOT = iphoneos;
				SWIFT_ACTIVE_COMPILATION_CONDITIONS = "DEBUG $(inherited)";
				SWIFT_OPTIMIZATION_LEVEL = "-Onone";
			};
			name = Debug;
		};
		16E881A42B35BBE90042FCE5 /* Release */ = {
			isa = XCBuildConfiguration;
			buildSettings = {
				ALWAYS_SEARCH_USER_PATHS = NO;
				ASSETCATALOG_COMPILER_GENERATE_SWIFT_ASSET_SYMBOL_EXTENSIONS = YES;
				CLANG_ANALYZER_NONNULL = YES;
				CLANG_ANALYZER_NUMBER_OBJECT_CONVERSION = YES_AGGRESSIVE;
				CLANG_CXX_LANGUAGE_STANDARD = "gnu++20";
				CLANG_ENABLE_MODULES = YES;
				CLANG_ENABLE_OBJC_ARC = YES;
				CLANG_ENABLE_OBJC_WEAK = YES;
				CLANG_WARN_BLOCK_CAPTURE_AUTORELEASING = YES;
				CLANG_WARN_BOOL_CONVERSION = YES;
				CLANG_WARN_COMMA = YES;
				CLANG_WARN_CONSTANT_CONVERSION = YES;
				CLANG_WARN_DEPRECATED_OBJC_IMPLEMENTATIONS = YES;
				CLANG_WARN_DIRECT_OBJC_ISA_USAGE = YES_ERROR;
				CLANG_WARN_DOCUMENTATION_COMMENTS = YES;
				CLANG_WARN_EMPTY_BODY = YES;
				CLANG_WARN_ENUM_CONVERSION = YES;
				CLANG_WARN_INFINITE_RECURSION = YES;
				CLANG_WARN_INT_CONVERSION = YES;
				CLANG_WARN_NON_LITERAL_NULL_CONVERSION = YES;
				CLANG_WARN_OBJC_IMPLICIT_RETAIN_SELF = YES;
				CLANG_WARN_OBJC_LITERAL_CONVERSION = YES;
				CLANG_WARN_OBJC_ROOT_CLASS = YES_ERROR;
				CLANG_WARN_QUOTED_INCLUDE_IN_FRAMEWORK_HEADER = YES;
				CLANG_WARN_RANGE_LOOP_ANALYSIS = YES;
				CLANG_WARN_STRICT_PROTOTYPES = YES;
				CLANG_WARN_SUSPICIOUS_MOVE = YES;
				CLANG_WARN_UNGUARDED_AVAILABILITY = YES_AGGRESSIVE;
				CLANG_WARN_UNREACHABLE_CODE = YES;
				CLANG_WARN__DUPLICATE_METHOD_MATCH = YES;
				COPY_PHASE_STRIP = NO;
				DEBUG_INFORMATION_FORMAT = "dwarf-with-dsym";
				ENABLE_NS_ASSERTIONS = NO;
				ENABLE_STRICT_OBJC_MSGSEND = YES;
				ENABLE_USER_SCRIPT_SANDBOXING = YES;
				GCC_C_LANGUAGE_STANDARD = gnu17;
				GCC_NO_COMMON_BLOCKS = YES;
				GCC_WARN_64_TO_32_BIT_CONVERSION = YES;
				GCC_WARN_ABOUT_RETURN_TYPE = YES_ERROR;
				GCC_WARN_UNDECLARED_SELECTOR = YES;
				GCC_WARN_UNINITIALIZED_AUTOS = YES_AGGRESSIVE;
				GCC_WARN_UNUSED_FUNCTION = YES;
				GCC_WARN_UNUSED_VARIABLE = YES;
				IPHONEOS_DEPLOYMENT_TARGET = 17.2;
				LOCALIZATION_PREFERS_STRING_CATALOGS = YES;
				MTL_ENABLE_DEBUG_INFO = NO;
				MTL_FAST_MATH = YES;
				SDKROOT = iphoneos;
				SWIFT_COMPILATION_MODE = wholemodule;
				VALIDATE_PRODUCT = YES;
			};
			name = Release;
		};
		16E881A62B35BBE90042FCE5 /* Debug */ = {
			isa = XCBuildConfiguration;
			buildSettings = {
				ASSETCATALOG_COMPILER_APPICON_NAME = AppIcon;
				ASSETCATALOG_COMPILER_GLOBAL_ACCENT_COLOR_NAME = AccentColor;
				CODE_SIGN_STYLE = Automatic;
				CURRENT_PROJECT_VERSION = 1;
				GENERATE_INFOPLIST_FILE = YES;
				INFOPLIST_FILE = "Sports/Supporting Files/Info.plist";
				INFOPLIST_KEY_UIApplicationSupportsIndirectInputEvents = YES;
				INFOPLIST_KEY_UILaunchStoryboardName = LaunchScreen;
				INFOPLIST_KEY_UIMainStoryboardFile = Main;
				INFOPLIST_KEY_UISupportedInterfaceOrientations_iPad = "UIInterfaceOrientationPortrait UIInterfaceOrientationPortraitUpsideDown UIInterfaceOrientationLandscapeLeft UIInterfaceOrientationLandscapeRight";
				INFOPLIST_KEY_UISupportedInterfaceOrientations_iPhone = "UIInterfaceOrientationPortrait UIInterfaceOrientationLandscapeLeft UIInterfaceOrientationLandscapeRight";
				IPHONEOS_DEPLOYMENT_TARGET = 15.0;
				LD_RUNPATH_SEARCH_PATHS = (
					"$(inherited)",
					"@executable_path/Frameworks",
				);
				MARKETING_VERSION = 1.0;
				PRODUCT_BUNDLE_IDENTIFIER = com.homepad.Sports;
				PRODUCT_NAME = "$(TARGET_NAME)";
				SUPPORTED_PLATFORMS = "iphoneos iphonesimulator";
				SUPPORTS_MACCATALYST = NO;
				SUPPORTS_MAC_DESIGNED_FOR_IPHONE_IPAD = NO;
				SWIFT_EMIT_LOC_STRINGS = YES;
				SWIFT_VERSION = 5.0;
				TARGETED_DEVICE_FAMILY = 1;
			};
			name = Debug;
		};
		16E881A72B35BBE90042FCE5 /* Release */ = {
			isa = XCBuildConfiguration;
			buildSettings = {
				ASSETCATALOG_COMPILER_APPICON_NAME = AppIcon;
				ASSETCATALOG_COMPILER_GLOBAL_ACCENT_COLOR_NAME = AccentColor;
				CODE_SIGN_STYLE = Automatic;
				CURRENT_PROJECT_VERSION = 1;
				GENERATE_INFOPLIST_FILE = YES;
				INFOPLIST_FILE = "Sports/Supporting Files/Info.plist";
				INFOPLIST_KEY_UIApplicationSupportsIndirectInputEvents = YES;
				INFOPLIST_KEY_UILaunchStoryboardName = LaunchScreen;
				INFOPLIST_KEY_UIMainStoryboardFile = Main;
				INFOPLIST_KEY_UISupportedInterfaceOrientations_iPad = "UIInterfaceOrientationPortrait UIInterfaceOrientationPortraitUpsideDown UIInterfaceOrientationLandscapeLeft UIInterfaceOrientationLandscapeRight";
				INFOPLIST_KEY_UISupportedInterfaceOrientations_iPhone = "UIInterfaceOrientationPortrait UIInterfaceOrientationLandscapeLeft UIInterfaceOrientationLandscapeRight";
				IPHONEOS_DEPLOYMENT_TARGET = 15.0;
				LD_RUNPATH_SEARCH_PATHS = (
					"$(inherited)",
					"@executable_path/Frameworks",
				);
				MARKETING_VERSION = 1.0;
				PRODUCT_BUNDLE_IDENTIFIER = com.homepad.Sports;
				PRODUCT_NAME = "$(TARGET_NAME)";
				SUPPORTED_PLATFORMS = "iphoneos iphonesimulator";
				SUPPORTS_MACCATALYST = NO;
				SUPPORTS_MAC_DESIGNED_FOR_IPHONE_IPAD = NO;
				SWIFT_EMIT_LOC_STRINGS = YES;
				SWIFT_VERSION = 5.0;
				TARGETED_DEVICE_FAMILY = 1;
			};
			name = Release;
		};
		16E881A92B35BBE90042FCE5 /* Debug */ = {
			isa = XCBuildConfiguration;
			buildSettings = {
				ALWAYS_EMBED_SWIFT_STANDARD_LIBRARIES = YES;
				BUNDLE_LOADER = "$(TEST_HOST)";
				CODE_SIGN_STYLE = Automatic;
				CURRENT_PROJECT_VERSION = 1;
				GENERATE_INFOPLIST_FILE = YES;
				IPHONEOS_DEPLOYMENT_TARGET = 17.2;
				MARKETING_VERSION = 1.0;
				PRODUCT_BUNDLE_IDENTIFIER = com.homepad.SportsTests;
				PRODUCT_NAME = "$(TARGET_NAME)";
				SWIFT_EMIT_LOC_STRINGS = NO;
				SWIFT_VERSION = 5.0;
				TARGETED_DEVICE_FAMILY = "1,2";
				TEST_HOST = "$(BUILT_PRODUCTS_DIR)/Sports.app/$(BUNDLE_EXECUTABLE_FOLDER_PATH)/Sports";
			};
			name = Debug;
		};
		16E881AA2B35BBE90042FCE5 /* Release */ = {
			isa = XCBuildConfiguration;
			buildSettings = {
				ALWAYS_EMBED_SWIFT_STANDARD_LIBRARIES = YES;
				BUNDLE_LOADER = "$(TEST_HOST)";
				CODE_SIGN_STYLE = Automatic;
				CURRENT_PROJECT_VERSION = 1;
				GENERATE_INFOPLIST_FILE = YES;
				IPHONEOS_DEPLOYMENT_TARGET = 17.2;
				MARKETING_VERSION = 1.0;
				PRODUCT_BUNDLE_IDENTIFIER = com.homepad.SportsTests;
				PRODUCT_NAME = "$(TARGET_NAME)";
				SWIFT_EMIT_LOC_STRINGS = NO;
				SWIFT_VERSION = 5.0;
				TARGETED_DEVICE_FAMILY = "1,2";
				TEST_HOST = "$(BUILT_PRODUCTS_DIR)/Sports.app/$(BUNDLE_EXECUTABLE_FOLDER_PATH)/Sports";
			};
			name = Release;
		};
		16E881AC2B35BBE90042FCE5 /* Debug */ = {
			isa = XCBuildConfiguration;
			buildSettings = {
				ALWAYS_EMBED_SWIFT_STANDARD_LIBRARIES = YES;
				CODE_SIGN_STYLE = Automatic;
				CURRENT_PROJECT_VERSION = 1;
				GENERATE_INFOPLIST_FILE = YES;
				MARKETING_VERSION = 1.0;
				PRODUCT_BUNDLE_IDENTIFIER = com.homepad.SportsUITests;
				PRODUCT_NAME = "$(TARGET_NAME)";
				SWIFT_EMIT_LOC_STRINGS = NO;
				SWIFT_VERSION = 5.0;
				TARGETED_DEVICE_FAMILY = "1,2";
				TEST_TARGET_NAME = Sports;
			};
			name = Debug;
		};
		16E881AD2B35BBE90042FCE5 /* Release */ = {
			isa = XCBuildConfiguration;
			buildSettings = {
				ALWAYS_EMBED_SWIFT_STANDARD_LIBRARIES = YES;
				CODE_SIGN_STYLE = Automatic;
				CURRENT_PROJECT_VERSION = 1;
				GENERATE_INFOPLIST_FILE = YES;
				MARKETING_VERSION = 1.0;
				PRODUCT_BUNDLE_IDENTIFIER = com.homepad.SportsUITests;
				PRODUCT_NAME = "$(TARGET_NAME)";
				SWIFT_EMIT_LOC_STRINGS = NO;
				SWIFT_VERSION = 5.0;
				TARGETED_DEVICE_FAMILY = "1,2";
				TEST_TARGET_NAME = Sports;
			};
			name = Release;
		};
/* End XCBuildConfiguration section */

/* Begin XCConfigurationList section */
		16E881762B35BBE80042FCE5 /* Build configuration list for PBXProject "Sports" */ = {
			isa = XCConfigurationList;
			buildConfigurations = (
				16E881A32B35BBE90042FCE5 /* Debug */,
				16E881A42B35BBE90042FCE5 /* Release */,
			);
			defaultConfigurationIsVisible = 0;
			defaultConfigurationName = Release;
		};
		16E881A52B35BBE90042FCE5 /* Build configuration list for PBXNativeTarget "Sports" */ = {
			isa = XCConfigurationList;
			buildConfigurations = (
				16E881A62B35BBE90042FCE5 /* Debug */,
				16E881A72B35BBE90042FCE5 /* Release */,
			);
			defaultConfigurationIsVisible = 0;
			defaultConfigurationName = Release;
		};
		16E881A82B35BBE90042FCE5 /* Build configuration list for PBXNativeTarget "SportsTests" */ = {
			isa = XCConfigurationList;
			buildConfigurations = (
				16E881A92B35BBE90042FCE5 /* Debug */,
				16E881AA2B35BBE90042FCE5 /* Release */,
			);
			defaultConfigurationIsVisible = 0;
			defaultConfigurationName = Release;
		};
		16E881AB2B35BBE90042FCE5 /* Build configuration list for PBXNativeTarget "SportsUITests" */ = {
			isa = XCConfigurationList;
			buildConfigurations = (
				16E881AC2B35BBE90042FCE5 /* Debug */,
				16E881AD2B35BBE90042FCE5 /* Release */,
			);
			defaultConfigurationIsVisible = 0;
			defaultConfigurationName = Release;
		};
/* End XCConfigurationList section */
	};
	rootObject = 16E881732B35BBE80042FCE5 /* Project object */;
}
